# This file is automatically @generated by Cargo.
# It is not intended for manual editing.
version = 4

[[package]]
name = "confirmator"
version = "0.1.0"
dependencies = [
 "typed_floats",
]

[[package]]
name = "const_fn"
version = "0.4.12"
source = "registry+https://github.com/rust-lang/crates.io-index"
checksum = "413d67b29ef1021b4d60f4aa1e925ca031751e213832b4b1d588fae623c05c60"

[[package]]
name = "dem"
version = "0.1.0"

[[package]]
name = "proc-macro2"
version = "1.0.106"
source = "registry+https://github.com/rust-lang/crates.io-index"
checksum = "8fd00f0bb2e90d81d1044c2b32617f68fcb9fa3bb7640c23e9c748e53fb30934"
dependencies = [
 "unicode-ident",
]

[[package]]
name = "quote"
version = "1.0.45"
source = "registry+https://github.com/rust-lang/crates.io-index"
checksum = "41f2619966050689382d2b44f664f4bc593e129785a36d6ee376ddf37259b924"
dependencies = [
 "proc-macro2",
]

[[package]]
name = "rustversion"
version = "1.0.22"
source = "registry+https://github.com/rust-lang/crates.io-index"
checksum = "b39cdef0fa800fc44525c84ccb54a029961a8215f9619753635a9c0d2538d46d"

[[package]]
name = "syn"
version = "2.0.117"
source = "registry+https://github.com/rust-lang/crates.io-index"
checksum = "e665b8803e7b1d2a727f4023456bbbbe74da67099c585258af0ad9c5013b9b99"
dependencies = [
 "proc-macro2",
 "quote",
 "unicode-ident",
]

[[package]]
name = "typed_floats"
version = "1.0.7"
source = "registry+https://github.com/rust-lang/crates.io-index"
checksum = "436de2fdc42c0f07890f4b51dcc90a468b0b12280f49caff1cf57ce2e646817c"
dependencies = [
 "const_fn",
 "rustversion",
 "typed_floats_macros",
]

[[package]]
name = "typed_floats_macros"
version = "1.0.7"
source = "registry+https://github.com/rust-lang/crates.io-index"
checksum = "da27e33675dd7bfc62c7ead8c36779f961815ababe717191d67b75c2356edc4f"
dependencies = [
 "proc-macro2",
 "quote",
 "rustversion",
 "syn",
]

[[package]]
name = "unicode-ident"
version = "1.0.24"
source = "registry+https://github.com/rust-lang/crates.io-index"
checksum = "e6e4313cd5fcd3dad5cafa179702e2b244f760991f45397d14d4ebf38247da75"
